
Microsoft Visual Studio Solution File, Format Version 12.00
# Visual Studio Version 17
VisualStudioVersion = 17.8.34601.278
MinimumVisualStudioVersion = 10.0.40219.1
Project("{9A19103F-16F7-4668-BE54-9A1E7A4F7556}") = "RazorPagesMovie", "RazorPagesMovie.csproj", "{24327B21-76AC-4D7C-97F5-6E7811A76161}"
EndProject
Project("{FAE04EC0-301F-11D3-BF4B-00C04F79EFBC}") = "CacheCollectiveTest", "..\CacheCollectiveTest\CacheCollectiveTest.csproj", "{8ABE4BCD-5F3E-480B-B5BB-897D1A7AFAF2}"
EndProject
Global
	GlobalSection(SolutionConfigurationPlatforms) = preSolution
		Debug|Any CPU = Debug|Any CPU
		Release|Any CPU = Release|Any CPU
	EndGlobalSection
	GlobalSection(ProjectConfigurationPlatforms) = postSolution
		{24327B21-76AC-4D7C-97F5-6E7811A76161}.Debug|Any CPU.ActiveCfg = Debug|Any CPU
		{24327B21-76AC-4D7C-97F5-6E7811A76161}.Debug|Any CPU.Build.0 = Debug|Any CPU
		{24327B21-76AC-4D7C-97F5-6E7811A76161}.Release|Any CPU.ActiveCfg = Release|Any CPU
		{24327B21-76AC-4D7C-97F5-6E7811A76161}.Release|Any CPU.Build.0 = Release|Any CPU
		{8ABE4BCD-5F3E-480B-B5BB-897D1A7AFAF2}.Debug|Any CPU.ActiveCfg = Debug|Any CPU
		{8ABE4BCD-5F3E-480B-B5BB-897D1A7AFAF2}.Debug|Any CPU.Build.0 = Debug|Any CPU
		{8ABE4BCD-5F3E-480B-B5BB-897D1A7AFAF2}.Release|Any CPU.ActiveCfg = Release|Any CPU
		{8ABE4BCD-5F3E-480B-B5BB-897D1A7AFAF2}.Release|Any CPU.Build.0 = Release|Any CPU
	EndGlobalSection
	GlobalSection(SolutionProperties) = preSolution
		HideSolutionNode = FALSE
	EndGlobalSection
	GlobalSection(ExtensibilityGlobals) = postSolution
		SolutionGuid = {781685BA-E3D4-4144-8167-4BF6BAD873AC}
	EndGlobalSection
EndGlobal
